// !$*UTF8*$!
{
	archiveVersion = 1;
	classes = {
	};
	objectVersion = 46;
	objects = {

/* Begin PBXBuildFile section */
		0106AD301F0228BD001A2050 /* GoogleService-Info.plist in Resources */ = {isa = PBXBuildFile; fileRef = 0106AD2F1F0228BD001A2050 /* GoogleService-Info.plist */; };
		0130D9801F0232E5009DFD7A /* ChatRoom.swift in Sources */ = {isa = PBXBuildFile; fileRef = 0130D97F1F0232E5009DFD7A /* ChatRoom.swift */; };
		0130D9821F0241AA009DFD7A /* HomeViewController.swift in Sources */ = {isa = PBXBuildFile; fileRef = 0130D9811F0241AA009DFD7A /* HomeViewController.swift */; };
		0130D9841F0322FA009DFD7A /* ChatRoomViewController.swift in Sources */ = {isa = PBXBuildFile; fileRef = 0130D9831F0322FA009DFD7A /* ChatRoomViewController.swift */; };
		0130D9891F0327A8009DFD7A /* ChatRoomTableViewCell.swift in Sources */ = {isa = PBXBuildFile; fileRef = 0130D9871F0327A8009DFD7A /* ChatRoomTableViewCell.swift */; };
		0130D98A1F0327A8009DFD7A /* ChatRoomTableViewCell.xib in Resources */ = {isa = PBXBuildFile; fileRef = 0130D9881F0327A8009DFD7A /* ChatRoomTableViewCell.xib */; };
		0130D98C1F03299D009DFD7A /* UIExtensions.swift in Sources */ = {isa = PBXBuildFile; fileRef = 0130D98B1F03299D009DFD7A /* UIExtensions.swift */; };
		01EEBAF31F022392005751DA /* AppDelegate.swift in Sources */ = {isa = PBXBuildFile; fileRef = 01EEBAF21F022392005751DA /* AppDelegate.swift */; };
		01EEBAF81F022392005751DA /* Main.storyboard in Resources */ = {isa = PBXBuildFile; fileRef = 01EEBAF61F022392005751DA /* Main.storyboard */; };
		01EEBAFB1F022392005751DA /* Hush.xcdatamodeld in Sources */ = {isa = PBXBuildFile; fileRef = 01EEBAF91F022392005751DA /* Hush.xcdatamodeld */; };
		01EEBAFD1F022392005751DA /* Assets.xcassets in Resources */ = {isa = PBXBuildFile; fileRef = 01EEBAFC1F022392005751DA /* Assets.xcassets */; };
		01EEBB001F022392005751DA /* LaunchScreen.storyboard in Resources */ = {isa = PBXBuildFile; fileRef = 01EEBAFE1F022392005751DA /* LaunchScreen.storyboard */; };
		01EEBB0B1F022392005751DA /* HushTests.swift in Sources */ = {isa = PBXBuildFile; fileRef = 01EEBB0A1F022392005751DA /* HushTests.swift */; };
		3D02271B71A82B8EC39E1EEE /* Pods_HushTests.framework in Frameworks */ = {isa = PBXBuildFile; fileRef = B220C028E91D6234D2A5EA8C /* Pods_HushTests.framework */; };
		C73EACD7CE6E40FA3D2D031C /* Pods_Hush.framework in Frameworks */ = {isa = PBXBuildFile; fileRef = 552ED304655CEC403374FBF1 /* Pods_Hush.framework */; };
/* End PBXBuildFile section */

/* Begin PBXContainerItemProxy section */
		01EEBB071F022392005751DA /* PBXContainerItemProxy */ = {
			isa = PBXContainerItemProxy;
			containerPortal = 01EEBAE71F022392005751DA /* Project object */;
			proxyType = 1;
			remoteGlobalIDString = 01EEBAEE1F022392005751DA;
			remoteInfo = Hush;
		};
/* End PBXContainerItemProxy section */

/* Begin PBXFileReference section */
		0106AD2F1F0228BD001A2050 /* GoogleService-Info.plist */ = {isa = PBXFileReference; fileEncoding = 4; lastKnownFileType = text.plist.xml; path = "GoogleService-Info.plist"; sourceTree = "<group>"; };
		0130D97F1F0232E5009DFD7A /* ChatRoom.swift */ = {isa = PBXFileReference; fileEncoding = 4; lastKnownFileType = sourcecode.swift; path = ChatRoom.swift; sourceTree = "<group>"; };
		0130D9811F0241AA009DFD7A /* HomeViewController.swift */ = {isa = PBXFileReference; fileEncoding = 4; lastKnownFileType = sourcecode.swift; path = HomeViewController.swift; sourceTree = "<group>"; };
		0130D9831F0322FA009DFD7A /* ChatRoomViewController.swift */ = {isa = PBXFileReference; fileEncoding = 4; lastKnownFileType = sourcecode.swift; path = ChatRoomViewController.swift; sourceTree = "<group>"; };
		0130D9871F0327A8009DFD7A /* ChatRoomTableViewCell.swift */ = {isa = PBXFileReference; fileEncoding = 4; lastKnownFileType = sourcecode.swift; path = ChatRoomTableViewCell.swift; sourceTree = "<group>"; };
		0130D9881F0327A8009DFD7A /* ChatRoomTableViewCell.xib */ = {isa = PBXFileReference; fileEncoding = 4; lastKnownFileType = file.xib; path = ChatRoomTableViewCell.xib; sourceTree = "<group>"; };
		0130D98B1F03299D009DFD7A /* UIExtensions.swift */ = {isa = PBXFileReference; fileEncoding = 4; lastKnownFileType = sourcecode.swift; path = UIExtensions.swift; sourceTree = "<group>"; };
		01EEBAEF1F022392005751DA /* Hush.app */ = {isa = PBXFileReference; explicitFileType = wrapper.application; includeInIndex = 0; path = Hush.app; sourceTree = BUILT_PRODUCTS_DIR; };
		01EEBAF21F022392005751DA /* AppDelegate.swift */ = {isa = PBXFileReference; lastKnownFileType = sourcecode.swift; path = AppDelegate.swift; sourceTree = "<group>"; };
		01EEBAF71F022392005751DA /* Base */ = {isa = PBXFileReference; lastKnownFileType = file.storyboard; name = Base; path = Base.lproj/Main.storyboard; sourceTree = "<group>"; };
		01EEBAFA1F022392005751DA /* Hush.xcdatamodel */ = {isa = PBXFileReference; lastKnownFileType = wrapper.xcdatamodel; path = Hush.xcdatamodel; sourceTree = "<group>"; };
		01EEBAFC1F022392005751DA /* Assets.xcassets */ = {isa = PBXFileReference; lastKnownFileType = folder.assetcatalog; path = Assets.xcassets; sourceTree = "<group>"; };
		01EEBAFF1F022392005751DA /* Base */ = {isa = PBXFileReference; lastKnownFileType = file.storyboard; name = Base; path = Base.lproj/LaunchScreen.storyboard; sourceTree = "<group>"; };
		01EEBB011F022392005751DA /* Info.plist */ = {isa = PBXFileReference; lastKnownFileType = text.plist.xml; path = Info.plist; sourceTree = "<group>"; };
		01EEBB061F022392005751DA /* HushTests.xctest */ = {isa = PBXFileReference; explicitFileType = wrapper.cfbundle; includeInIndex = 0; path = HushTests.xctest; sourceTree = BUILT_PRODUCTS_DIR; };
		01EEBB0A1F022392005751DA /* HushTests.swift */ = {isa = PBXFileReference; lastKnownFileType = sourcecode.swift; path = HushTests.swift; sourceTree = "<group>"; };
		01EEBB0C1F022392005751DA /* Info.plist */ = {isa = PBXFileReference; lastKnownFileType = text.plist.xml; path = Info.plist; sourceTree = "<group>"; };
		3D59A3AC3DDCAA12FD3A3381 /* Pods-HushTests.release.xcconfig */ = {isa = PBXFileReference; includeInIndex = 1; lastKnownFileType = text.xcconfig; name = "Pods-HushTests.release.xcconfig"; path = "Pods/Target Support Files/Pods-HushTests/Pods-HushTests.release.xcconfig"; sourceTree = "<group>"; };
		552ED304655CEC403374FBF1 /* Pods_Hush.framework */ = {isa = PBXFileReference; explicitFileType = wrapper.framework; includeInIndex = 0; path = Pods_Hush.framework; sourceTree = BUILT_PRODUCTS_DIR; };
		B220C028E91D6234D2A5EA8C /* Pods_HushTests.framework */ = {isa = PBXFileReference; explicitFileType = wrapper.framework; includeInIndex = 0; path = Pods_HushTests.framework; sourceTree = BUILT_PRODUCTS_DIR; };
		C291560819704B8767CE5229 /* Pods-Hush.release.xcconfig */ = {isa = PBXFileReference; includeInIndex = 1; lastKnownFileType = text.xcconfig; name = "Pods-Hush.release.xcconfig"; path = "Pods/Target Support Files/Pods-Hush/Pods-Hush.release.xcconfig"; sourceTree = "<group>"; };
		F1D9031C293A9DBC71F69A9B /* Pods-HushTests.debug.xcconfig */ = {isa = PBXFileReference; includeInIndex = 1; lastKnownFileType = text.xcconfig; name = "Pods-HushTests.debug.xcconfig"; path = "Pods/Target Support Files/Pods-HushTests/Pods-HushTests.debug.xcconfig"; sourceTree = "<group>"; };
		FDD177D34331F57963288C88 /* Pods-Hush.debug.xcconfig */ = {isa = PBXFileReference; includeInIndex = 1; lastKnownFileType = text.xcconfig; name = "Pods-Hush.debug.xcconfig"; path = "Pods/Target Support Files/Pods-Hush/Pods-Hush.debug.xcconfig"; sourceTree = "<group>"; };
/* End PBXFileReference section */

/* Begin PBXFrameworksBuildPhase section */
		01EEBAEC1F022392005751DA /* Frameworks */ = {
			isa = PBXFrameworksBuildPhase;
			buildActionMask = 2147483647;
			files = (
				C73EACD7CE6E40FA3D2D031C /* Pods_Hush.framework in Frameworks */,
			);
			runOnlyForDeploymentPostprocessing = 0;
		};
		01EEBB031F022392005751DA /* Frameworks */ = {
			isa = PBXFrameworksBuildPhase;
			buildActionMask = 2147483647;
			files = (
				3D02271B71A82B8EC39E1EEE /* Pods_HushTests.framework in Frameworks */,
			);
			runOnlyForDeploymentPostprocessing = 0;
		};
/* End PBXFrameworksBuildPhase section */

/* Begin PBXGroup section */
		0130D97B1F02325C009DFD7A /* Controller */ = {
			isa = PBXGroup;
			children = (
				0130D9831F0322FA009DFD7A /* ChatRoomViewController.swift */,
				0130D9811F0241AA009DFD7A /* HomeViewController.swift */,
			);
			name = Controller;
			sourceTree = "<group>";
		};
		0130D97C1F023264009DFD7A /* Model */ = {
			isa = PBXGroup;
			children = (
				0130D97F1F0232E5009DFD7A /* ChatRoom.swift */,
			);
			name = Model;
			sourceTree = "<group>";
		};
		0130D97D1F023268009DFD7A /* View */ = {
			isa = PBXGroup;
			children = (
				0130D9871F0327A8009DFD7A /* ChatRoomTableViewCell.swift */,
				0130D9881F0327A8009DFD7A /* ChatRoomTableViewCell.xib */,
				01EEBAF61F022392005751DA /* Main.storyboard */,
				01EEBAFE1F022392005751DA /* LaunchScreen.storyboard */,
				01EEBAFC1F022392005751DA /* Assets.xcassets */,
			);
			name = View;
			sourceTree = "<group>";
		};
		0130D97E1F02326D009DFD7A /* Supporting Files */ = {
			isa = PBXGroup;
			children = (
				0130D98B1F03299D009DFD7A /* UIExtensions.swift */,
				01EEBAF21F022392005751DA /* AppDelegate.swift */,
				01EEBB011F022392005751DA /* Info.plist */,
				0106AD2F1F0228BD001A2050 /* GoogleService-Info.plist */,
			);
			name = "Supporting Files";
			sourceTree = "<group>";
		};
		01EEBAE61F022392005751DA = {
			isa = PBXGroup;
			children = (
				01EEBAF11F022392005751DA /* Hush */,
				01EEBB091F022392005751DA /* HushTests */,
				01EEBAF01F022392005751DA /* Products */,
				1D2BABFD7C7C5DFE51D94273 /* Pods */,
				47EE6E378CA80046F0832C1C /* Frameworks */,
			);
			sourceTree = "<group>";
		};
		01EEBAF01F022392005751DA /* Products */ = {
			isa = PBXGroup;
			children = (
				01EEBAEF1F022392005751DA /* Hush.app */,
				01EEBB061F022392005751DA /* HushTests.xctest */,
			);
			name = Products;
			sourceTree = "<group>";
		};
		01EEBAF11F022392005751DA /* Hush */ = {
			isa = PBXGroup;
			children = (
				0130D97C1F023264009DFD7A /* Model */,
				0130D97B1F02325C009DFD7A /* Controller */,
				0130D97D1F023268009DFD7A /* View */,
				0130D97E1F02326D009DFD7A /* Supporting Files */,
				01EEBAF91F022392005751DA /* Hush.xcdatamodeld */,
			);
			path = Hush;
			sourceTree = "<group>";
		};
		01EEBB091F022392005751DA /* HushTests */ = {
			isa = PBXGroup;
			children = (
				01EEBB0A1F022392005751DA /* HushTests.swift */,
				01EEBB0C1F022392005751DA /* Info.plist */,
			);
			path = HushTests;
			sourceTree = "<group>";
		};
		1D2BABFD7C7C5DFE51D94273 /* Pods */ = {
			isa = PBXGroup;
			children = (
				FDD177D34331F57963288C88 /* Pods-Hush.debug.xcconfig */,
				C291560819704B8767CE5229 /* Pods-Hush.release.xcconfig */,
				F1D9031C293A9DBC71F69A9B /* Pods-HushTests.debug.xcconfig */,
				3D59A3AC3DDCAA12FD3A3381 /* Pods-HushTests.release.xcconfig */,
			);
			name = Pods;
			sourceTree = "<group>";
		};
		47EE6E378CA80046F0832C1C /* Frameworks */ = {
			isa = PBXGroup;
			children = (
				552ED304655CEC403374FBF1 /* Pods_Hush.framework */,
				B220C028E91D6234D2A5EA8C /* Pods_HushTests.framework */,
			);
			name = Frameworks;
			sourceTree = "<group>";
		};
/* End PBXGroup section */

/* Begin PBXNativeTarget section */
		01EEBAEE1F022392005751DA /* Hush */ = {
			isa = PBXNativeTarget;
			buildConfigurationList = 01EEBB0F1F022392005751DA /* Build configuration list for PBXNativeTarget "Hush" */;
			buildPhases = (
				0A8C7F4FB0DE325938A34E86 /* [CP] Check Pods Manifest.lock */,
				01EEBAEB1F022392005751DA /* Sources */,
				01EEBAEC1F022392005751DA /* Frameworks */,
				01EEBAED1F022392005751DA /* Resources */,
				7473CE3191C979894032E8D2 /* [CP] Embed Pods Frameworks */,
				A9A494900A02E0D53BAB3E16 /* [CP] Copy Pods Resources */,
			);
			buildRules = (
			);
			dependencies = (
			);
			name = Hush;
			productName = Hush;
			productReference = 01EEBAEF1F022392005751DA /* Hush.app */;
			productType = "com.apple.product-type.application";
		};
		01EEBB051F022392005751DA /* HushTests */ = {
			isa = PBXNativeTarget;
			buildConfigurationList = 01EEBB121F022392005751DA /* Build configuration list for PBXNativeTarget "HushTests" */;
			buildPhases = (
				F9CE03A5AEA21B73C82FD517 /* [CP] Check Pods Manifest.lock */,
				01EEBB021F022392005751DA /* Sources */,
				01EEBB031F022392005751DA /* Frameworks */,
				01EEBB041F022392005751DA /* Resources */,
				13C57540844B090EC60C62E8 /* [CP] Embed Pods Frameworks */,
				0D1384508C78337B4D55A0B6 /* [CP] Copy Pods Resources */,
			);
			buildRules = (
			);
			dependencies = (
				01EEBB081F022392005751DA /* PBXTargetDependency */,
			);
			name = HushTests;
			productName = HushTests;
			productReference = 01EEBB061F022392005751DA /* HushTests.xctest */;
			productType = "com.apple.product-type.bundle.unit-test";
		};
/* End PBXNativeTarget section */

/* Begin PBXProject section */
		01EEBAE71F022392005751DA /* Project object */ = {
			isa = PBXProject;
			attributes = {
				LastSwiftUpdateCheck = 0830;
				LastUpgradeCheck = 0830;
				ORGANIZATIONNAME = "Luay Younus";
				TargetAttributes = {
					01EEBAEE1F022392005751DA = {
						CreatedOnToolsVersion = 8.3.3;
						DevelopmentTeam = 6572E988F5;
						ProvisioningStyle = Automatic;
					};
					01EEBB051F022392005751DA = {
						CreatedOnToolsVersion = 8.3.3;
						DevelopmentTeam = 6572E988F5;
						ProvisioningStyle = Automatic;
						TestTargetID = 01EEBAEE1F022392005751DA;
					};
				};
			};
			buildConfigurationList = 01EEBAEA1F022392005751DA /* Build configuration list for PBXProject "Hush" */;
			compatibilityVersion = "Xcode 3.2";
			developmentRegion = English;
			hasScannedForEncodings = 0;
			knownRegions = (
				en,
				Base,
			);
			mainGroup = 01EEBAE61F022392005751DA;
			productRefGroup = 01EEBAF01F022392005751DA /* Products */;
			projectDirPath = "";
			projectRoot = "";
			targets = (
				01EEBAEE1F022392005751DA /* Hush */,
				01EEBB051F022392005751DA /* HushTests */,
			);
		};
/* End PBXProject section */

/* Begin PBXResourcesBuildPhase section */
		01EEBAED1F022392005751DA /* Resources */ = {
			isa = PBXResourcesBuildPhase;
			buildActionMask = 2147483647;
			files = (
				0130D98A1F0327A8009DFD7A /* ChatRoomTableViewCell.xib in Resources */,
				01EEBB001F022392005751DA /* LaunchScreen.storyboard in Resources */,
				0106AD301F0228BD001A2050 /* GoogleService-Info.plist in Resources */,
				01EEBAFD1F022392005751DA /* Assets.xcassets in Resources */,
				01EEBAF81F022392005751DA /* Main.storyboard in Resources */,
			);
			runOnlyForDeploymentPostprocessing = 0;
		};
		01EEBB041F022392005751DA /* Resources */ = {
			isa = PBXResourcesBuildPhase;
			buildActionMask = 2147483647;
			files = (
			);
			runOnlyForDeploymentPostprocessing = 0;
		};
/* End PBXResourcesBuildPhase section */

/* Begin PBXShellScriptBuildPhase section */
		0A8C7F4FB0DE325938A34E86 /* [CP] Check Pods Manifest.lock */ = {
			isa = PBXShellScriptBuildPhase;
			buildActionMask = 2147483647;
			files = (
			);
			inputPaths = (
			);
			name = "[CP] Check Pods Manifest.lock";
			outputPaths = (
			);
			runOnlyForDeploymentPostprocessing = 0;
			shellPath = /bin/sh;
			shellScript = "diff \"${PODS_PODFILE_DIR_PATH}/Podfile.lock\" \"${PODS_ROOT}/Manifest.lock\" > /dev/null\nif [ $? != 0 ] ; then\n    # print error to STDERR\n    echo \"error: The sandbox is not in sync with the Podfile.lock. Run 'pod install' or update your CocoaPods installation.\" >&2\n    exit 1\nfi\n";
			showEnvVarsInLog = 0;
		};
		0D1384508C78337B4D55A0B6 /* [CP] Copy Pods Resources */ = {
			isa = PBXShellScriptBuildPhase;
			buildActionMask = 2147483647;
			files = (
			);
			inputPaths = (
			);
			name = "[CP] Copy Pods Resources";
			outputPaths = (
			);
			runOnlyForDeploymentPostprocessing = 0;
			shellPath = /bin/sh;
			shellScript = "\"${SRCROOT}/Pods/Target Support Files/Pods-HushTests/Pods-HushTests-resources.sh\"\n";
			showEnvVarsInLog = 0;
		};
		13C57540844B090EC60C62E8 /* [CP] Embed Pods Frameworks */ = {
			isa = PBXShellScriptBuildPhase;
			buildActionMask = 2147483647;
			files = (
			);
			inputPaths = (
			);
			name = "[CP] Embed Pods Frameworks";
			outputPaths = (
			);
			runOnlyForDeploymentPostprocessing = 0;
			shellPath = /bin/sh;
			shellScript = "\"${SRCROOT}/Pods/Target Support Files/Pods-HushTests/Pods-HushTests-frameworks.sh\"\n";
			showEnvVarsInLog = 0;
		};
		7473CE3191C979894032E8D2 /* [CP] Embed Pods Frameworks */ = {
			isa = PBXShellScriptBuildPhase;
			buildActionMask = 2147483647;
			files = (
			);
			inputPaths = (
			);
			name = "[CP] Embed Pods Frameworks";
			outputPaths = (
			);
			runOnlyForDeploymentPostprocessing = 0;
			shellPath = /bin/sh;
			shellScript = "\"${SRCROOT}/Pods/Target Support Files/Pods-Hush/Pods-Hush-frameworks.sh\"\n";
			showEnvVarsInLog = 0;
		};
		A9A494900A02E0D53BAB3E16 /* [CP] Copy Pods Resources */ = {
			isa = PBXShellScriptBuildPhase;
			buildActionMask = 2147483647;
			files = (
			);
			inputPaths = (
			);
			name = "[CP] Copy Pods Resources";
			outputPaths = (
			);
			runOnlyForDeploymentPostprocessing = 0;
			shellPath = /bin/sh;
			shellScript = "\"${SRCROOT}/Pods/Target Support Files/Pods-Hush/Pods-Hush-resources.sh\"\n";
			showEnvVarsInLog = 0;
		};
		F9CE03A5AEA21B73C82FD517 /* [CP] Check Pods Manifest.lock */ = {
			isa = PBXShellScriptBuildPhase;
			buildActionMask = 2147483647;
			files = (
			);
			inputPaths = (
			);
			name = "[CP] Check Pods Manifest.lock";
			outputPaths = (
			);
			runOnlyForDeploymentPostprocessing = 0;
			shellPath = /bin/sh;
			shellScript = "diff \"${PODS_PODFILE_DIR_PATH}/Podfile.lock\" \"${PODS_ROOT}/Manifest.lock\" > /dev/null\nif [ $? != 0 ] ; then\n    # print error to STDERR\n    echo \"error: The sandbox is not in sync with the Podfile.lock. Run 'pod install' or update your CocoaPods installation.\" >&2\n    exit 1\nfi\n";
			showEnvVarsInLog = 0;
		};
/* End PBXShellScriptBuildPhase section */

/* Begin PBXSourcesBuildPhase section */
		01EEBAEB1F022392005751DA /* Sources */ = {
			isa = PBXSourcesBuildPhase;
			buildActionMask = 2147483647;
			files = (
				01EEBAF31F022392005751DA /* AppDelegate.swift in Sources */,
				0130D98C1F03299D009DFD7A /* UIExtensions.swift in Sources */,
				0130D9801F0232E5009DFD7A /* ChatRoom.swift in Sources */,
				0130D9841F0322FA009DFD7A /* ChatRoomViewController.swift in Sources */,
				01EEBAFB1F022392005751DA /* Hush.xcdatamodeld in Sources */,
				0130D9891F0327A8009DFD7A /* ChatRoomTableViewCell.swift in Sources */,
				0130D9821F0241AA009DFD7A /* HomeViewController.swift in Sources */,
			);
			runOnlyForDeploymentPostprocessing = 0;
		};
		01EEBB021F022392005751DA /* Sources */ = {
			isa = PBXSourcesBuildPhase;
			buildActionMask = 2147483647;
			files = (
				01EEBB0B1F022392005751DA /* HushTests.swift in Sources */,
			);
			runOnlyForDeploymentPostprocessing = 0;
		};
/* End PBXSourcesBuildPhase section */

/* Begin PBXTargetDependency section */
		01EEBB081F022392005751DA /* PBXTargetDependency */ = {
			isa = PBXTargetDependency;
			target = 01EEBAEE1F022392005751DA /* Hush */;
			targetProxy = 01EEBB071F022392005751DA /* PBXContainerItemProxy */;
		};
/* End PBXTargetDependency section */

/* Begin PBXVariantGroup section */
		01EEBAF61F022392005751DA /* Main.storyboard */ = {
			isa = PBXVariantGroup;
			children = (
				01EEBAF71F022392005751DA /* Base */,
			);
			name = Main.storyboard;
			sourceTree = "<group>";
		};
		01EEBAFE1F022392005751DA /* LaunchScreen.storyboard */ = {
			isa = PBXVariantGroup;
			children = (
				01EEBAFF1F022392005751DA /* Base */,
			);
			name = LaunchScreen.storyboard;
			sourceTree = "<group>";
		};
/* End PBXVariantGroup section */

/* Begin XCBuildConfiguration section */
		01EEBB0D1F022392005751DA /* Debug */ = {
			isa = XCBuildConfiguration;
			buildSettings = {
				ALWAYS_SEARCH_USER_PATHS = NO;
				CLANG_ANALYZER_NONNULL = YES;
				CLANG_ANALYZER_NUMBER_OBJECT_CONVERSION = YES_AGGRESSIVE;
				CLANG_CXX_LANGUAGE_STANDARD = "gnu++0x";
				CLANG_CXX_LIBRARY = "libc++";
				CLANG_ENABLE_MODULES = YES;
				CLANG_ENABLE_OBJC_ARC = YES;
				CLANG_WARN_BOOL_CONVERSION = YES;
				CLANG_WARN_CONSTANT_CONVERSION = YES;
				CLANG_WARN_DIRECT_OBJC_ISA_USAGE = YES_ERROR;
				CLANG_WARN_DOCUMENTATION_COMMENTS = YES;
				CLANG_WARN_EMPTY_BODY = YES;
				CLANG_WARN_ENUM_CONVERSION = YES;
				CLANG_WARN_INFINITE_RECURSION = YES;
				CLANG_WARN_INT_CONVERSION = YES;
				CLANG_WARN_OBJC_ROOT_CLASS = YES_ERROR;
				CLANG_WARN_SUSPICIOUS_MOVE = YES;
				CLANG_WARN_UNREACHABLE_CODE = YES;
				CLANG_WARN__DUPLICATE_METHOD_MATCH = YES;
				"CODE_SIGN_IDENTITY[sdk=iphoneos*]" = "iPhone Developer";
				COPY_PHASE_STRIP = NO;
				DEBUG_INFORMATION_FORMAT = dwarf;
				ENABLE_STRICT_OBJC_MSGSEND = YES;
				ENABLE_TESTABILITY = YES;
				GCC_C_LANGUAGE_STANDARD = gnu99;
				GCC_DYNAMIC_NO_PIC = NO;
				GCC_NO_COMMON_BLOCKS = YES;
				GCC_OPTIMIZATION_LEVEL = 0;
				GCC_PREPROCESSOR_DEFINITIONS = (
					"DEBUG=1",
					"$(inherited)",
				);
				GCC_WARN_64_TO_32_BIT_CONVERSION = YES;
				GCC_WARN_ABOUT_RETURN_TYPE = YES_ERROR;
				GCC_WARN_UNDECLARED_SELECTOR = YES;
				GCC_WARN_UNINITIALIZED_AUTOS = YES_AGGRESSIVE;
				GCC_WARN_UNUSED_FUNCTION = YES;
				GCC_WARN_UNUSED_VARIABLE = YES;
				IPHONEOS_DEPLOYMENT_TARGET = 10.3;
				MTL_ENABLE_DEBUG_INFO = YES;
				ONLY_ACTIVE_ARCH = YES;
				SDKROOT = iphoneos;
				SWIFT_ACTIVE_COMPILATION_CONDITIONS = DEBUG;
				SWIFT_OPTIMIZATION_LEVEL = "-Onone";
				TARGETED_DEVICE_FAMILY = "1,2";
			};
			name = Debug;
		};
		01EEBB0E1F022392005751DA /* Release */ = {
			isa = XCBuildConfiguration;
			buildSettings = {
				ALWAYS_SEARCH_USER_PATHS = NO;
				CLANG_ANALYZER_NONNULL = YES;
				CLANG_ANALYZER_NUMBER_OBJECT_CONVERSION = YES_AGGRESSIVE;
				CLANG_CXX_LANGUAGE_STANDARD = "gnu++0x";
				CLANG_CXX_LIBRARY = "libc++";
				CLANG_ENABLE_MODULES = YES;
				CLANG_ENABLE_OBJC_ARC = YES;
				CLANG_WARN_BOOL_CONVERSION = YES;
				CLANG_WARN_CONSTANT_CONVERSION = YES;
				CLANG_WARN_DIRECT_OBJC_ISA_USAGE = YES_ERROR;
				CLANG_WARN_DOCUMENTATION_COMMENTS = YES;
				CLANG_WARN_EMPTY_BODY = YES;
				CLANG_WARN_ENUM_CONVERSION = YES;
				CLANG_WARN_INFINITE_RECURSION = YES;
				CLANG_WARN_INT_CONVERSION = YES;
				CLANG_WARN_OBJC_ROOT_CLASS = YES_ERROR;
				CLANG_WARN_SUSPICIOUS_MOVE = YES;
				CLANG_WARN_UNREACHABLE_CODE = YES;
				CLANG_WARN__DUPLICATE_METHOD_MATCH = YES;
				"CODE_SIGN_IDENTITY[sdk=iphoneos*]" = "iPhone Developer";
				COPY_PHASE_STRIP = NO;
				DEBUG_INFORMATION_FORMAT = "dwarf-with-dsym";
				ENABLE_NS_ASSERTIONS = NO;
				ENABLE_STRICT_OBJC_MSGSEND = YES;
				GCC_C_LANGUAGE_STANDARD = gnu99;
				GCC_NO_COMMON_BLOCKS = YES;
				GCC_WARN_64_TO_32_BIT_CONVERSION = YES;
				GCC_WARN_ABOUT_RETURN_TYPE = YES_ERROR;
				GCC_WARN_UNDECLARED_SELECTOR = YES;
				GCC_WARN_UNINITIALIZED_AUTOS = YES_AGGRESSIVE;
				GCC_WARN_UNUSED_FUNCTION = YES;
				GCC_WARN_UNUSED_VARIABLE = YES;
				IPHONEOS_DEPLOYMENT_TARGET = 10.3;
				MTL_ENABLE_DEBUG_INFO = NO;
				SDKROOT = iphoneos;
				SWIFT_OPTIMIZATION_LEVEL = "-Owholemodule";
				TARGETED_DEVICE_FAMILY = "1,2";
				VALIDATE_PRODUCT = YES;
			};
			name = Release;
		};
		01EEBB101F022392005751DA /* Debug */ = {
			isa = XCBuildConfiguration;
			baseConfigurationReference = FDD177D34331F57963288C88 /* Pods-Hush.debug.xcconfig */;
			buildSettings = {
				ASSETCATALOG_COMPILER_APPICON_NAME = AppIcon;
				DEVELOPMENT_TEAM = 6572E988F5;
				INFOPLIST_FILE = Hush/Info.plist;
				LD_RUNPATH_SEARCH_PATHS = "$(inherited) @executable_path/Frameworks";
				PRODUCT_BUNDLE_IDENTIFIER = com.luayyounus.Hush;
				PRODUCT_NAME = "$(TARGET_NAME)";
				SWIFT_VERSION = 3.0;
			};
			name = Debug;
		};
		01EEBB111F022392005751DA /* Release */ = {
			isa = XCBuildConfiguration;
			baseConfigurationReference = C291560819704B8767CE5229 /* Pods-Hush.release.xcconfig */;
			buildSettings = {
				ASSETCATALOG_COMPILER_APPICON_NAME = AppIcon;
				DEVELOPMENT_TEAM = 6572E988F5;
				INFOPLIST_FILE = Hush/Info.plist;
				LD_RUNPATH_SEARCH_PATHS = "$(inherited) @executable_path/Frameworks";
				PRODUCT_BUNDLE_IDENTIFIER = com.luayyounus.Hush;
				PRODUCT_NAME = "$(TARGET_NAME)";
				SWIFT_VERSION = 3.0;
			};
			name = Release;
		};
		01EEBB131F022392005751DA /* Debug */ = {
			isa = XCBuildConfiguration;
			baseConfigurationReference = F1D9031C293A9DBC71F69A9B /* Pods-HushTests.debug.xcconfig */;
			buildSettings = {
				ALWAYS_EMBED_SWIFT_STANDARD_LIBRARIES = YES;
				BUNDLE_LOADER = "$(TEST_HOST)";
				DEVELOPMENT_TEAM = 6572E988F5;
				INFOPLIST_FILE = HushTests/Info.plist;
				LD_RUNPATH_SEARCH_PATHS = "$(inherited) @executable_path/Frameworks @loader_path/Frameworks";
				PRODUCT_BUNDLE_IDENTIFIER = com.luayyounus.HushTests;
				PRODUCT_NAME = "$(TARGET_NAME)";
				SWIFT_VERSION = 3.0;
				TEST_HOST = "$(BUILT_PRODUCTS_DIR)/Hush.app/Hush";
			};
			name = Debug;
		};
		01EEBB141F022392005751DA /* Release */ = {
			isa = XCBuildConfiguration;
			baseConfigurationReference = 3D59A3AC3DDCAA12FD3A3381 /* Pods-HushTests.release.xcconfig */;
			buildSettings = {
				ALWAYS_EMBED_SWIFT_STANDARD_LIBRARIES = YES;
				BUNDLE_LOADER = "$(TEST_HOST)";
				DEVELOPMENT_TEAM = 6572E988F5;
				INFOPLIST_FILE = HushTests/Info.plist;
				LD_RUNPATH_SEARCH_PATHS = "$(inherited) @executable_path/Frameworks @loader_path/Frameworks";
				PRODUCT_BUNDLE_IDENTIFIER = com.luayyounus.HushTests;
				PRODUCT_NAME = "$(TARGET_NAME)";
				SWIFT_VERSION = 3.0;
				TEST_HOST = "$(BUILT_PRODUCTS_DIR)/Hush.app/Hush";
			};
			name = Release;
		};
/* End XCBuildConfiguration section */

/* Begin XCConfigurationList section */
		01EEBAEA1F022392005751DA /* Build configuration list for PBXProject "Hush" */ = {
			isa = XCConfigurationList;
			buildConfigurations = (
				01EEBB0D1F022392005751DA /* Debug */,
				01EEBB0E1F022392005751DA /* Release */,
			);
			defaultConfigurationIsVisible = 0;
			defaultConfigurationName = Release;
		};
		01EEBB0F1F022392005751DA /* Build configuration list for PBXNativeTarget "Hush" */ = {
			isa = XCConfigurationList;
			buildConfigurations = (
				01EEBB101F022392005751DA /* Debug */,
				01EEBB111F022392005751DA /* Release */,
			);
			defaultConfigurationIsVisible = 0;
			defaultConfigurationName = Release;
		};
		01EEBB121F022392005751DA /* Build configuration list for PBXNativeTarget "HushTests" */ = {
			isa = XCConfigurationList;
			buildConfigurations = (
				01EEBB131F022392005751DA /* Debug */,
				01EEBB141F022392005751DA /* Release */,
			);
			defaultConfigurationIsVisible = 0;
			defaultConfigurationName = Release;
		};
/* End XCConfigurationList section */

/* Begin XCVersionGroup section */
		01EEBAF91F022392005751DA /* Hush.xcdatamodeld */ = {
			isa = XCVersionGroup;
			children = (
				01EEBAFA1F022392005751DA /* Hush.xcdatamodel */,
			);
			currentVersion = 01EEBAFA1F022392005751DA /* Hush.xcdatamodel */;
			path = Hush.xcdatamodeld;
			sourceTree = "<group>";
			versionGroupType = wrapper.xcdatamodel;
		};
/* End XCVersionGroup section */
	};
	rootObject = 01EEBAE71F022392005751DA /* Project object */;
}
